# THIS IS AN AUTOGENERATED FILE. DO NOT EDIT THIS FILE DIRECTLY.
# yarn lockfile v1


init-yyl-config@^0.1.3:
  version "0.1.3"
  resolved "https://registry.yarnpkg.com/init-yyl-config/-/init-yyl-config-0.1.3.tgz#927bf1f0335359d20fcb24984aa6b015a01ea0bd"
  integrity sha512-gYZebfEPnsZ2FLmCUwfuFjqd++ZoUy5XOOVHMvDYJ0y2bMs+udaq1DpbJEcT5CQ7Ap3ivFc//0DJCPjcqRjlXQ==
  dependencies:
    yyl-config-types "^0.4.0"

yyl-config-types@^0.4.0:
  version "0.4.0"
  resolved "https://registry.yarnpkg.com/yyl-config-types/-/yyl-config-types-0.4.0.tgz#911fb48261f95841237bd458afc9b6b4c2ac278c"
  integrity sha512-Z8Zwdb2KXu2lFQdeNdAlDi6iZXrJIDLzgz1EvpFlnfQqtZnnoWBwU/zQrYQJHCMr6Wt6nOpeb1KgIJJMmLVyqg==
